github.com/Pallinder/go-randomdata v1.2.0 h1:DZ41wBchNRb/0GfsePLiSwb0PHZmT67XY00lCDlaYPg=
github.com/Pallinder/go-randomdata v1.2.0/go.mod h1:yHmJgulpD2Nfrm0cR9tI/+oAgRqCQQixsA8HyRZfV9Y=
github.com/benjivesterby/validator v0.0.0-20190218042113-56f94887ae25 h1:eY5sBpx5+QFB9NrMiFoqbdO9/ysSh5J+xI15ydhVnLg=
github.com/benjivesterby/validator v0.0.0-20190218042113-56f94887ae25/go.mod h1:pCEH0y0V/axi4T82B250FwJUrx3ueKMXYP4yAMBLzJk=
github.com/benjivesterby/validator v1.0.0 h1:tH7Nmf9jTTyOUVxFDof71EbsBDYBAEkoKFF90m/7mnE=
github.com/benjivesterby/validator v1.0.0/go.mod h1:Z+2cejivNzuwe6GpnMfhRee5HUWzNCZgiKZCVpJEkAo=
github.com/davecgh/go-spew v1.1.1 h1:vj9j/u1bqnvCEfJOwUhtlOARqs3+rkHYY13jYWTU97c=
github.com/davecgh/go-spew v1.1.1/go.mod h1:J7Y8YcW2NihsgmVo/mv3lAwl/skON4iLHjSsI+c5H38=
github.com/gofrs/uuid v3.2.0+incompatible h1:y12jRkkFxsd7GpqdSZ+/KCs/fJbqpEXSGd4+jfEaewE=
github.com/gofrs/uuid v3.2.0+incompatible/go.mod h1:b2aQJv3Z4Fp6yNu3cdSllBxTCLRxnplIgP/c0N/04lM=
github.com/google/uuid v1.1.1 h1:Gkbcsh/GbpXz7lPftLA3P6TYMwjCLYm83jiFQZF/3gY=
github.com/google/uuid v1.1.1/go.mod h1:TIyPZe4MgqvfeYDBFedMoGGpEw/LqOeaOT+nhxU+yHo=
github.com/pkg/errors v0.8.1 h1:iURUrRGxPUNPdy5/HRSm+Yj6okJ6UtLINN0Q9M4+h3I=
github.com/pkg/errors v0.8.1/go.mod h1:bwawxfHBFNV+L2hUp1rHADufV3IMtnDRdf1r5NINEl0=
golang.org/x/crypto v0.0.0-20190308221718-c2843e01d9a2/go.mod h1:djNgcEr1/C05ACkg1iLfiJU5Ep61QUkGW8qpdssI0+w=
golang.org/x/net v0.0.0-20191003171128-d98b1b443823 h1:Ypyv6BNJh07T1pUSrehkLemqPKXhus2MkfktJ91kRh4=
golang.org/x/net v0.0.0-20191003171128-d98b1b443823/go.mod h1:z5CRVTTTmAJ677TzLLGU+0bjPO0LkuOLi4/5GtJWs/s=
golang.org/x/sys v0.0.0-20190215142949-d0b11bdaac8a/go.mod h1:STP8DvDyc/dI5b8T5hshtkjS+E42TnysNCUPdjciGhY=
golang.org/x/text v0.3.0/go.mod h1:NqM8EUOU14njkJ3fqMW+pc6Ldnwhi/IjpwHt7yyuwOQ=
