# This file is autogenerated, do not edit; changes may be undone by the next 'dep ensure'.


[[projects]]
  branch = "master"
  name = "github.com/benji-vesterby/validator"
  packages = ["."]
  revision = "56f94887ae25c2fff3bbde194638587d9018c164"

[solve-meta]
  analyzer-name = "dep"
  analyzer-version = 1
  inputs-digest = "3adbab201637cdc8aeff8f807955cf268358b94d00cdc1f038e58a73b7836270"
  solver-name = "gps-cdcl"
  solver-version = 1
