# This file is autogenerated, do not edit; changes may be undone by the next 'dep ensure'.


[[projects]]
  branch = "master"
  name = "github.com/benji-vesterby/validator"
  packages = ["."]
  revision = "56f94887ae25c2fff3bbde194638587d9018c164"

[[projects]]
  name = "github.com/gofrs/uuid"
  packages = ["."]
  revision = "6b08a5c5172ba18946672b49749cde22873dd7c2"
  version = "v3.2.0"

[[projects]]
  name = "github.com/pkg/errors"
  packages = ["."]
  revision = "ba968bfe8b2f7e042a574c888954fccecfa385b4"
  version = "v0.8.1"

[solve-meta]
  analyzer-name = "dep"
  analyzer-version = 1
  inputs-digest = "980c86bfc1a827088d7d2996801993dddbb2e3473d3413756b8d486ce9fe184d"
  solver-name = "gps-cdcl"
  solver-version = 1
