# This file is autogenerated, do not edit; changes may be undone by the next 'dep ensure'.


[[projects]]
  branch = "master"
  name = "github.com/benjivesterby/atomizer"
  packages = [
    ".",
    "registration"
  ]
  revision = "7e11bf9c14c46adcf8805b930a28dd50b4a62fd9"

[[projects]]
  branch = "master"
  name = "github.com/benjivesterby/validator"
  packages = ["."]
  revision = "56f94887ae25c2fff3bbde194638587d9018c164"

[[projects]]
  name = "github.com/pkg/errors"
  packages = ["."]
  revision = "ba968bfe8b2f7e042a574c888954fccecfa385b4"
  version = "v0.8.1"

[solve-meta]
  analyzer-name = "dep"
  analyzer-version = 1
  inputs-digest = "a6aaa70e5e24045eac563d075fcde6b58cbb59e4f3a62fd3fb1204463ae38efd"
  solver-name = "gps-cdcl"
  solver-version = 1
